Microsoft Visual Studio Solution File, Format Version 12.00
# Visual Studio Version 17
VisualStudioVersion = 17.5.2.0
MinimumVisualStudioVersion = 10.0.40219.1
Project("{FAE04EC0-301F-11D3-BF4B-00C04F79EFBC}") = "RedisMinimalAPI", "RedisMinimalAPI.csproj", "{6E548E63-9E76-7AB1-BA69-9F9381BF0E6D}"
EndProject
Global
	GlobalSection(SolutionConfigurationPlatforms) = preSolution
		Debug|Any CPU = Debug|Any CPU
		Release|Any CPU = Release|Any CPU
	EndGlobalSection
	GlobalSection(ProjectConfigurationPlatforms) = postSolution
		{6E548E63-9E76-7AB1-BA69-9F9381BF0E6D}.Debug|Any CPU.ActiveCfg = Debug|Any CPU
		{6E548E63-9E76-7AB1-BA69-9F9381BF0E6D}.Debug|Any CPU.Build.0 = Debug|Any CPU
		{6E548E63-9E76-7AB1-BA69-9F9381BF0E6D}.Release|Any CPU.ActiveCfg = Release|Any CPU
		{6E548E63-9E76-7AB1-BA69-9F9381BF0E6D}.Release|Any CPU.Build.0 = Release|Any CPU
	EndGlobalSection
	GlobalSection(SolutionProperties) = preSolution
		HideSolutionNode = FALSE
	EndGlobalSection
	GlobalSection(ExtensibilityGlobals) = postSolution
		SolutionGuid = {A1AECBA5-015F-4DA0-AA55-43D9A59DB4E5}
	EndGlobalSection
EndGlobal
